
Microsoft Visual Studio Solution File, Format Version 12.00
# Visual Studio Express 2012 for Windows Phone
Project("{FAE04EC0-301F-11D3-BF4B-00C04F79EFBC}") = "Phone.Controls", "Phone.Controls\Phone.Controls.csproj", "{BE66B5CF-E495-4BB9-A261-9123B6974011}"
EndProject
Project("{FAE04EC0-301F-11D3-BF4B-00C04F79EFBC}") = "windows-client", "windows-client\windows-client.csproj", "{FAD63E16-FFA4-4227-8788-CFD93B1F04C5}"
EndProject
Global
	GlobalSection(SolutionConfigurationPlatforms) = preSolution
		Debug|Any CPU = Debug|Any CPU
		Release|Any CPU = Release|Any CPU
	EndGlobalSection
	GlobalSection(ProjectConfigurationPlatforms) = postSolution
		{BE66B5CF-E495-4BB9-A261-9123B6974011}.Debug|Any CPU.ActiveCfg = Debug|Any CPU
		{BE66B5CF-E495-4BB9-A261-9123B6974011}.Debug|Any CPU.Build.0 = Debug|Any CPU
		{BE66B5CF-E495-4BB9-A261-9123B6974011}.Release|Any CPU.ActiveCfg = Release|Any CPU
		{BE66B5CF-E495-4BB9-A261-9123B6974011}.Release|Any CPU.Build.0 = Release|Any CPU
		{FAD63E16-FFA4-4227-8788-CFD93B1F04C5}.Debug|Any CPU.ActiveCfg = Debug|Any CPU
		{FAD63E16-FFA4-4227-8788-CFD93B1F04C5}.Debug|Any CPU.Build.0 = Debug|Any CPU
		{FAD63E16-FFA4-4227-8788-CFD93B1F04C5}.Debug|Any CPU.Deploy.0 = Debug|Any CPU
		{FAD63E16-FFA4-4227-8788-CFD93B1F04C5}.Release|Any CPU.ActiveCfg = Release|Any CPU
		{FAD63E16-FFA4-4227-8788-CFD93B1F04C5}.Release|Any CPU.Build.0 = Release|Any CPU
		{FAD63E16-FFA4-4227-8788-CFD93B1F04C5}.Release|Any CPU.Deploy.0 = Release|Any CPU
	EndGlobalSection
	GlobalSection(SolutionProperties) = preSolution
		HideSolutionNode = FALSE
	EndGlobalSection
EndGlobal
